// !$*UTF8*$!
{
	archiveVersion = 1;
	classes = {
	};
	objectVersion = 54;
	objects = {

/* Begin PBXBuildFile section */
		0C80B921A6F3F58F76C31292 /* libPods-RTE.a in Frameworks */ = {isa = PBXBuildFile; fileRef = 5DCACB8F33CDC322A6C60F78 /* libPods-RTE.a */; };
		13B07FBF1A68108700A75B9A /* Images.xcassets in Resources */ = {isa = PBXBuildFile; fileRef = 13B07FB51A68108700A75B9A /* Images.xcassets */; };
		21EB2B24939C4584F77FA3A8 /* PrivacyInfo.xcprivacy in Resources */ = {isa = PBXBuildFile; fileRef = 13B07FB81A68108700A75B9A /* PrivacyInfo.xcprivacy */; };
		47C5334FDA554B3CAFC6967C /* Poppins-Medium.ttf in Resources */ = {isa = PBXBuildFile; fileRef = F87CEFCF19EA4908893F4BE6 /* Poppins-Medium.ttf */; };
		521B37DA2DBA652900BC00F9 /* RougeScript-Regular.ttf in Resources */ = {isa = PBXBuildFile; fileRef = 521B37D92DBA652900BC00F9 /* RougeScript-Regular.ttf */; };
		521B37DC2DBA65E500BC00F9 /* Whisper-Regular.ttf in Resources */ = {isa = PBXBuildFile; fileRef = 521B37DB2DBA65E500BC00F9 /* Whisper-Regular.ttf */; };
		559AEB1F84A044399AE2DAD8 /* Poppins-SemiBold.ttf in Resources */ = {isa = PBXBuildFile; fileRef = CC51C71EEEA64C21A8EF46D0 /* Poppins-SemiBold.ttf */; };
		63A457332D0037D500B6197D /* LaunchScreen.png in Resources */ = {isa = PBXBuildFile; fileRef = 63A457322D0037D500B6197D /* LaunchScreen.png */; };
		761780ED2CA45674006654EE /* AppDelegate.swift in Sources */ = {isa = PBXBuildFile; fileRef = 761780EC2CA45674006654EE /* AppDelegate.swift */; };
		81AB9BB82411601600AC10FF /* LaunchScreen.storyboard in Resources */ = {isa = PBXBuildFile; fileRef = 81AB9BB72411601600AC10FF /* LaunchScreen.storyboard */; };
		99AA7F8B2C0DBFAC00D114A6 /* Fontisto.ttf in Resources */ = {isa = PBXBuildFile; fileRef = 99AA7F782C0DBF7500D114A6 /* Fontisto.ttf */; };
		99AA7F8C2C0DBFAC00D114A6 /* Octicons.ttf in Resources */ = {isa = PBXBuildFile; fileRef = 99AA7F792C0DBF7500D114A6 /* Octicons.ttf */; };
		99AA7F8D2C0DBFAC00D114A6 /* Feather.ttf in Resources */ = {isa = PBXBuildFile; fileRef = 99AA7F7A2C0DBF7500D114A6 /* Feather.ttf */; };
		99AA7F8E2C0DBFAC00D114A6 /* FontAwesome6_Regular.ttf in Resources */ = {isa = PBXBuildFile; fileRef = 99AA7F7B2C0DBF7500D114A6 /* FontAwesome6_Regular.ttf */; };
		99AA7F8F2C0DBFAC00D114A6 /* Entypo.ttf in Resources */ = {isa = PBXBuildFile; fileRef = 99AA7F7C2C0DBF7500D114A6 /* Entypo.ttf */; };
		99AA7F902C0DBFAC00D114A6 /* FontAwesome5_Brands.ttf in Resources */ = {isa = PBXBuildFile; fileRef = 99AA7F7D2C0DBF7500D114A6 /* FontAwesome5_Brands.ttf */; };
		99AA7F912C0DBFAC00D114A6 /* MaterialCommunityIcons.ttf in Resources */ = {isa = PBXBuildFile; fileRef = 99AA7F7E2C0DBF7500D114A6 /* MaterialCommunityIcons.ttf */; };
		99AA7F922C0DBFAC00D114A6 /* AntDesign.ttf in Resources */ = {isa = PBXBuildFile; fileRef = 99AA7F7F2C0DBF7500D114A6 /* AntDesign.ttf */; };
		99AA7F932C0DBFAC00D114A6 /* Foundation.ttf in Resources */ = {isa = PBXBuildFile; fileRef = 99AA7F802C0DBF7500D114A6 /* Foundation.ttf */; };
		99AA7F942C0DBFAC00D114A6 /* Ionicons.ttf in Resources */ = {isa = PBXBuildFile; fileRef = 99AA7F812C0DBF7500D114A6 /* Ionicons.ttf */; };
		99AA7F952C0DBFAC00D114A6 /* FontAwesome5_Solid.ttf in Resources */ = {isa = PBXBuildFile; fileRef = 99AA7F822C0DBF7500D114A6 /* FontAwesome5_Solid.ttf */; };
		99AA7F962C0DBFAC00D114A6 /* FontAwesome5_Regular.ttf in Resources */ = {isa = PBXBuildFile; fileRef = 99AA7F832C0DBF7500D114A6 /* FontAwesome5_Regular.ttf */; };
		99AA7F972C0DBFAC00D114A6 /* FontAwesome.ttf in Resources */ = {isa = PBXBuildFile; fileRef = 99AA7F842C0DBF7500D114A6 /* FontAwesome.ttf */; };
		99AA7F982C0DBFAC00D114A6 /* Zocial.ttf in Resources */ = {isa = PBXBuildFile; fileRef = 99AA7F852C0DBF7500D114A6 /* Zocial.ttf */; };
		99AA7F992C0DBFAC00D114A6 /* EvilIcons.ttf in Resources */ = {isa = PBXBuildFile; fileRef = 99AA7F862C0DBF7500D114A6 /* EvilIcons.ttf */; };
		99AA7F9A2C0DBFAC00D114A6 /* FontAwesome6_Solid.ttf in Resources */ = {isa = PBXBuildFile; fileRef = 99AA7F872C0DBF7500D114A6 /* FontAwesome6_Solid.ttf */; };
		99AA7F9B2C0DBFAC00D114A6 /* SimpleLineIcons.ttf in Resources */ = {isa = PBXBuildFile; fileRef = 99AA7F882C0DBF7500D114A6 /* SimpleLineIcons.ttf */; };
		99AA7F9C2C0DBFAC00D114A6 /* FontAwesome6_Brands.ttf in Resources */ = {isa = PBXBuildFile; fileRef = 99AA7F892C0DBF7500D114A6 /* FontAwesome6_Brands.ttf */; };
		99AA7F9D2C0DBFAC00D114A6 /* MaterialIcons.ttf in Resources */ = {isa = PBXBuildFile; fileRef = 99AA7F8A2C0DBF7500D114A6 /* MaterialIcons.ttf */; };
		AAD0BC2ADEBE44DCBDF8A96A /* Poppins-Regular.ttf in Resources */ = {isa = PBXBuildFile; fileRef = D3B1EF8839304B398FC196C3 /* Poppins-Regular.ttf */; };
		AD6FB3E4168C469E97A54383 /* Poppins-Bold.ttf in Resources */ = {isa = PBXBuildFile; fileRef = 2B72F976967944599FA12E9D /* Poppins-Bold.ttf */; };
		C6D5406B2E1267CE002AF227 /* rte_run_the_edge.png in Resources */ = {isa = PBXBuildFile; fileRef = C6D5406A2E1267CE002AF227 /* rte_run_the_edge.png */; };
		DD9A630DC63E4ED8AFA4306B /* Poppins-Light.ttf in Resources */ = {isa = PBXBuildFile; fileRef = 8355138E837A41088A865F88 /* Poppins-Light.ttf */; };
/* End PBXBuildFile section */

/* Begin PBXFileReference section */
		13B07F961A680F5B00A75B9A /* RTE.app */ = {isa = PBXFileReference; explicitFileType = wrapper.application; includeInIndex = 0; path = RTE.app; sourceTree = BUILT_PRODUCTS_DIR; };
		13B07FB51A68108700A75B9A /* Images.xcassets */ = {isa = PBXFileReference; lastKnownFileType = folder.assetcatalog; name = Images.xcassets; path = RTE/Images.xcassets; sourceTree = "<group>"; };
		13B07FB61A68108700A75B9A /* Info.plist */ = {isa = PBXFileReference; fileEncoding = 4; lastKnownFileType = text.plist.xml; name = Info.plist; path = RTE/Info.plist; sourceTree = "<group>"; };
		13B07FB81A68108700A75B9A /* PrivacyInfo.xcprivacy */ = {isa = PBXFileReference; fileEncoding = 4; lastKnownFileType = text.plist.xml; name = PrivacyInfo.xcprivacy; path = RTE/PrivacyInfo.xcprivacy; sourceTree = "<group>"; };
		2B72F976967944599FA12E9D /* Poppins-Bold.ttf */ = {isa = PBXFileReference; explicitFileType = undefined; fileEncoding = 9; includeInIndex = 0; lastKnownFileType = unknown; name = "Poppins-Bold.ttf"; path = "../assets/fonts/Poppins-Bold.ttf"; sourceTree = "<group>"; };
		3B4392A12AC88292D35C810B /* Pods-RTE.debug.xcconfig */ = {isa = PBXFileReference; includeInIndex = 1; lastKnownFileType = text.xcconfig; name = "Pods-RTE.debug.xcconfig"; path = "Target Support Files/Pods-RTE/Pods-RTE.debug.xcconfig"; sourceTree = "<group>"; };
		521B37D92DBA652900BC00F9 /* RougeScript-Regular.ttf */ = {isa = PBXFileReference; lastKnownFileType = file; path = "RougeScript-Regular.ttf"; sourceTree = "<group>"; };
		521B37DB2DBA65E500BC00F9 /* Whisper-Regular.ttf */ = {isa = PBXFileReference; lastKnownFileType = file; path = "Whisper-Regular.ttf"; sourceTree = "<group>"; };
		521D62B02CE4F636001EF499 /* LaunchScreen.png */ = {isa = PBXFileReference; lastKnownFileType = image.png; name = LaunchScreen.png; path = ../../../Downloads/LaunchScreen.png; sourceTree = "<group>"; };
		5709B34CF0A7D63546082F79 /* Pods-RTE.release.xcconfig */ = {isa = PBXFileReference; includeInIndex = 1; lastKnownFileType = text.xcconfig; name = "Pods-RTE.release.xcconfig"; path = "Target Support Files/Pods-RTE/Pods-RTE.release.xcconfig"; sourceTree = "<group>"; };
		5DCACB8F33CDC322A6C60F78 /* libPods-RTE.a */ = {isa = PBXFileReference; explicitFileType = archive.ar; includeInIndex = 0; path = "libPods-RTE.a"; sourceTree = BUILT_PRODUCTS_DIR; };
		63A457322D0037D500B6197D /* LaunchScreen.png */ = {isa = PBXFileReference; lastKnownFileType = image.png; name = LaunchScreen.png; path = ../src/assets/LaunchScreen.png; sourceTree = "<group>"; };
		761780EC2CA45674006654EE /* AppDelegate.swift */ = {isa = PBXFileReference; lastKnownFileType = sourcecode.swift; name = AppDelegate.swift; path = RTE/AppDelegate.swift; sourceTree = "<group>"; };
		81AB9BB72411601600AC10FF /* LaunchScreen.storyboard */ = {isa = PBXFileReference; fileEncoding = 4; lastKnownFileType = file.storyboard; name = LaunchScreen.storyboard; path = RTE/LaunchScreen.storyboard; sourceTree = "<group>"; };
		8355138E837A41088A865F88 /* Poppins-Light.ttf */ = {isa = PBXFileReference; explicitFileType = undefined; fileEncoding = 9; includeInIndex = 0; lastKnownFileType = unknown; name = "Poppins-Light.ttf"; path = "../assets/fonts/Poppins-Light.ttf"; sourceTree = "<group>"; };
		99AA7F782C0DBF7500D114A6 /* Fontisto.ttf */ = {isa = PBXFileReference; lastKnownFileType = file; path = Fontisto.ttf; sourceTree = "<group>"; };
		99AA7F792C0DBF7500D114A6 /* Octicons.ttf */ = {isa = PBXFileReference; lastKnownFileType = file; path = Octicons.ttf; sourceTree = "<group>"; };
		99AA7F7A2C0DBF7500D114A6 /* Feather.ttf */ = {isa = PBXFileReference; lastKnownFileType = file; path = Feather.ttf; sourceTree = "<group>"; };
		99AA7F7B2C0DBF7500D114A6 /* FontAwesome6_Regular.ttf */ = {isa = PBXFileReference; lastKnownFileType = file; path = FontAwesome6_Regular.ttf; sourceTree = "<group>"; };
		99AA7F7C2C0DBF7500D114A6 /* Entypo.ttf */ = {isa = PBXFileReference; lastKnownFileType = file; path = Entypo.ttf; sourceTree = "<group>"; };
		99AA7F7D2C0DBF7500D114A6 /* FontAwesome5_Brands.ttf */ = {isa = PBXFileReference; lastKnownFileType = file; path = FontAwesome5_Brands.ttf; sourceTree = "<group>"; };
		99AA7F7E2C0DBF7500D114A6 /* MaterialCommunityIcons.ttf */ = {isa = PBXFileReference; lastKnownFileType = file; path = MaterialCommunityIcons.ttf; sourceTree = "<group>"; };
		99AA7F7F2C0DBF7500D114A6 /* AntDesign.ttf */ = {isa = PBXFileReference; lastKnownFileType = file; path = AntDesign.ttf; sourceTree = "<group>"; };
		99AA7F802C0DBF7500D114A6 /* Foundation.ttf */ = {isa = PBXFileReference; lastKnownFileType = file; path = Foundation.ttf; sourceTree = "<group>"; };
		99AA7F812C0DBF7500D114A6 /* Ionicons.ttf */ = {isa = PBXFileReference; lastKnownFileType = file; path = Ionicons.ttf; sourceTree = "<group>"; };
		99AA7F822C0DBF7500D114A6 /* FontAwesome5_Solid.ttf */ = {isa = PBXFileReference; lastKnownFileType = file; path = FontAwesome5_Solid.ttf; sourceTree = "<group>"; };
		99AA7F832C0DBF7500D114A6 /* FontAwesome5_Regular.ttf */ = {isa = PBXFileReference; lastKnownFileType = file; path = FontAwesome5_Regular.ttf; sourceTree = "<group>"; };
		99AA7F842C0DBF7500D114A6 /* FontAwesome.ttf */ = {isa = PBXFileReference; lastKnownFileType = file; path = FontAwesome.ttf; sourceTree = "<group>"; };
		99AA7F852C0DBF7500D114A6 /* Zocial.ttf */ = {isa = PBXFileReference; lastKnownFileType = file; path = Zocial.ttf; sourceTree = "<group>"; };
		99AA7F862C0DBF7500D114A6 /* EvilIcons.ttf */ = {isa = PBXFileReference; lastKnownFileType = file; path = EvilIcons.ttf; sourceTree = "<group>"; };
		99AA7F872C0DBF7500D114A6 /* FontAwesome6_Solid.ttf */ = {isa = PBXFileReference; lastKnownFileType = file; path = FontAwesome6_Solid.ttf; sourceTree = "<group>"; };
		99AA7F882C0DBF7500D114A6 /* SimpleLineIcons.ttf */ = {isa = PBXFileReference; lastKnownFileType = file; path = SimpleLineIcons.ttf; sourceTree = "<group>"; };
		99AA7F892C0DBF7500D114A6 /* FontAwesome6_Brands.ttf */ = {isa = PBXFileReference; lastKnownFileType = file; path = FontAwesome6_Brands.ttf; sourceTree = "<group>"; };
		99AA7F8A2C0DBF7500D114A6 /* MaterialIcons.ttf */ = {isa = PBXFileReference; lastKnownFileType = file; path = MaterialIcons.ttf; sourceTree = "<group>"; };
		C601162E2E130BEE004BCCAC /* RTE-Bridging-Header.h */ = {isa = PBXFileReference; lastKnownFileType = sourcecode.c.h; path = "RTE-Bridging-Header.h"; sourceTree = "<group>"; };
		C6D5406A2E1267CE002AF227 /* rte_run_the_edge.png */ = {isa = PBXFileReference; lastKnownFileType = image.png; path = rte_run_the_edge.png; sourceTree = "<group>"; };
		CC51C71EEEA64C21A8EF46D0 /* Poppins-SemiBold.ttf */ = {isa = PBXFileReference; explicitFileType = undefined; fileEncoding = 9; includeInIndex = 0; lastKnownFileType = file; name = "Poppins-SemiBold.ttf"; path = "../assets/fonts/Poppins-SemiBold.ttf"; sourceTree = "<group>"; };
		D3B1EF8839304B398FC196C3 /* Poppins-Regular.ttf */ = {isa = PBXFileReference; explicitFileType = undefined; fileEncoding = 9; includeInIndex = 0; lastKnownFileType = unknown; name = "Poppins-Regular.ttf"; path = "../assets/fonts/Poppins-Regular.ttf"; sourceTree = "<group>"; };
		ED297162215061F000B7C4FE /* JavaScriptCore.framework */ = {isa = PBXFileReference; lastKnownFileType = wrapper.framework; name = JavaScriptCore.framework; path = System/Library/Frameworks/JavaScriptCore.framework; sourceTree = SDKROOT; };
		F87CEFCF19EA4908893F4BE6 /* Poppins-Medium.ttf */ = {isa = PBXFileReference; explicitFileType = undefined; fileEncoding = 9; includeInIndex = 0; lastKnownFileType = unknown; name = "Poppins-Medium.ttf"; path = "../assets/fonts/Poppins-Medium.ttf"; sourceTree = "<group>"; };
/* End PBXFileReference section */

/* Begin PBXFrameworksBuildPhase section */
		13B07F8C1A680F5B00A75B9A /* Frameworks */ = {
			isa = PBXFrameworksBuildPhase;
			buildActionMask = 2147483647;
			files = (
				0C80B921A6F3F58F76C31292 /* libPods-RTE.a in Frameworks */,
			);
			runOnlyForDeploymentPostprocessing = 0;
		};
/* End PBXFrameworksBuildPhase section */

/* Begin PBXGroup section */
		13B07FAE1A68108700A75B9A /* RTE */ = {
			isa = PBXGroup;
			children = (
				C601162E2E130BEE004BCCAC /* RTE-Bridging-Header.h */,
				C6D5406A2E1267CE002AF227 /* rte_run_the_edge.png */,
				13B07FB51A68108700A75B9A /* Images.xcassets */,
				761780EC2CA45674006654EE /* AppDelegate.swift */,
				13B07FB61A68108700A75B9A /* Info.plist */,
				81AB9BB72411601600AC10FF /* LaunchScreen.storyboard */,
				13B07FB81A68108700A75B9A /* PrivacyInfo.xcprivacy */,
			);
			name = RTE;
			sourceTree = "<group>";
		};
		2D16E6871FA4F8E400B85C8A /* Frameworks */ = {
			isa = PBXGroup;
			children = (
				ED297162215061F000B7C4FE /* JavaScriptCore.framework */,
				5DCACB8F33CDC322A6C60F78 /* libPods-RTE.a */,
			);
			name = Frameworks;
			sourceTree = "<group>";
		};
		527D74BC2DF06F1300A76F1C /* Recovered References */ = {
			isa = PBXGroup;
			children = (
				521B37DB2DBA65E500BC00F9 /* Whisper-Regular.ttf */,
				2B72F976967944599FA12E9D /* Poppins-Bold.ttf */,
				521B37D92DBA652900BC00F9 /* RougeScript-Regular.ttf */,
				8355138E837A41088A865F88 /* Poppins-Light.ttf */,
				F87CEFCF19EA4908893F4BE6 /* Poppins-Medium.ttf */,
				D3B1EF8839304B398FC196C3 /* Poppins-Regular.ttf */,
				CC51C71EEEA64C21A8EF46D0 /* Poppins-SemiBold.ttf */,
			);
			name = "Recovered References";
			sourceTree = "<group>";
		};
		832341AE1AAA6A7D00B99B32 /* Libraries */ = {
			isa = PBXGroup;
			children = (
			);
			name = Libraries;
			sourceTree = "<group>";
		};
		83CBB9F61A601CBA00E9B192 = {
			isa = PBXGroup;
			children = (
				521D62B02CE4F636001EF499 /* LaunchScreen.png */,
				63A457322D0037D500B6197D /* LaunchScreen.png */,
				99AA7F772C0DBF7500D114A6 /* Fonts */,
				13B07FAE1A68108700A75B9A /* RTE */,
				832341AE1AAA6A7D00B99B32 /* Libraries */,
				83CBBA001A601CBA00E9B192 /* Products */,
				2D16E6871FA4F8E400B85C8A /* Frameworks */,
				BBD78D7AC51CEA395F1C20DB /* Pods */,
				527D74BC2DF06F1300A76F1C /* Recovered References */,
			);
			indentWidth = 2;
			sourceTree = "<group>";
			tabWidth = 2;
			usesTabs = 0;
		};
		83CBBA001A601CBA00E9B192 /* Products */ = {
			isa = PBXGroup;
			children = (
				13B07F961A680F5B00A75B9A /* RTE.app */,
			);
			name = Products;
			sourceTree = "<group>";
		};
		99AA7F772C0DBF7500D114A6 /* Fonts */ = {
			isa = PBXGroup;
			children = (
				99AA7F782C0DBF7500D114A6 /* Fontisto.ttf */,
				99AA7F792C0DBF7500D114A6 /* Octicons.ttf */,
				99AA7F7A2C0DBF7500D114A6 /* Feather.ttf */,
				99AA7F7B2C0DBF7500D114A6 /* FontAwesome6_Regular.ttf */,
				99AA7F7C2C0DBF7500D114A6 /* Entypo.ttf */,
				99AA7F7D2C0DBF7500D114A6 /* FontAwesome5_Brands.ttf */,
				99AA7F7E2C0DBF7500D114A6 /* MaterialCommunityIcons.ttf */,
				99AA7F7F2C0DBF7500D114A6 /* AntDesign.ttf */,
				99AA7F802C0DBF7500D114A6 /* Foundation.ttf */,
				99AA7F812C0DBF7500D114A6 /* Ionicons.ttf */,
				99AA7F822C0DBF7500D114A6 /* FontAwesome5_Solid.ttf */,
				99AA7F832C0DBF7500D114A6 /* FontAwesome5_Regular.ttf */,
				99AA7F842C0DBF7500D114A6 /* FontAwesome.ttf */,
				99AA7F852C0DBF7500D114A6 /* Zocial.ttf */,
				99AA7F862C0DBF7500D114A6 /* EvilIcons.ttf */,
				99AA7F872C0DBF7500D114A6 /* FontAwesome6_Solid.ttf */,
				99AA7F882C0DBF7500D114A6 /* SimpleLineIcons.ttf */,
				99AA7F892C0DBF7500D114A6 /* FontAwesome6_Brands.ttf */,
				99AA7F8A2C0DBF7500D114A6 /* MaterialIcons.ttf */,
			);
			name = Fonts;
			path = "../node_modules/react-native-vector-icons/Fonts";
			sourceTree = "<group>";
		};
		BBD78D7AC51CEA395F1C20DB /* Pods */ = {
			isa = PBXGroup;
			children = (
				3B4392A12AC88292D35C810B /* Pods-RTE.debug.xcconfig */,
				5709B34CF0A7D63546082F79 /* Pods-RTE.release.xcconfig */,
			);
			path = Pods;
			sourceTree = "<group>";
		};
/* End PBXGroup section */

/* Begin PBXNativeTarget section */
		13B07F861A680F5B00A75B9A /* RTE */ = {
			isa = PBXNativeTarget;
			buildConfigurationList = 13B07F931A680F5B00A75B9A /* Build configuration list for PBXNativeTarget "RTE" */;
			buildPhases = (
				C38B50BA6285516D6DCD4F65 /* [CP] Check Pods Manifest.lock */,
				13B07F871A680F5B00A75B9A /* Sources */,
				13B07F8C1A680F5B00A75B9A /* Frameworks */,
				13B07F8E1A680F5B00A75B9A /* Resources */,
				00DD1BFF1BD5951E006B06BC /* Bundle React Native code and images */,
				00EEFC60759A1932668264C0 /* [CP] Embed Pods Frameworks */,
				E235C05ADACE081382539298 /* [CP] Copy Pods Resources */,
			);
			buildRules = (
			);
			dependencies = (
			);
			name = RTE;
			productName = RTE;
			productReference = 13B07F961A680F5B00A75B9A /* RTE.app */;
			productType = "com.apple.product-type.application";
		};
/* End PBXNativeTarget section */

/* Begin PBXProject section */
		83CBB9F71A601CBA00E9B192 /* Project object */ = {
			isa = PBXProject;
			attributes = {
				LastUpgradeCheck = 1210;
				TargetAttributes = {
					13B07F861A680F5B00A75B9A = {
						LastSwiftMigration = 1120;
					};
				};
			};
			buildConfigurationList = 83CBB9FA1A601CBA00E9B192 /* Build configuration list for PBXProject "RTE" */;
			compatibilityVersion = "Xcode 12.0";
			developmentRegion = en;
			hasScannedForEncodings = 0;
			knownRegions = (
				en,
				Base,
			);
			mainGroup = 83CBB9F61A601CBA00E9B192;
			productRefGroup = 83CBBA001A601CBA00E9B192 /* Products */;
			projectDirPath = "";
			projectRoot = "";
			targets = (
				13B07F861A680F5B00A75B9A /* RTE */,
			);
		};
/* End PBXProject section */

/* Begin PBXResourcesBuildPhase section */
		13B07F8E1A680F5B00A75B9A /* Resources */ = {
			isa = PBXResourcesBuildPhase;
			buildActionMask = 2147483647;
			files = (
				63A457332D0037D500B6197D /* LaunchScreen.png in Resources */,
				521B37DC2DBA65E500BC00F9 /* Whisper-Regular.ttf in Resources */,
				99AA7F8B2C0DBFAC00D114A6 /* Fontisto.ttf in Resources */,
				99AA7F8C2C0DBFAC00D114A6 /* Octicons.ttf in Resources */,
				99AA7F8D2C0DBFAC00D114A6 /* Feather.ttf in Resources */,
				99AA7F8E2C0DBFAC00D114A6 /* FontAwesome6_Regular.ttf in Resources */,
				99AA7F8F2C0DBFAC00D114A6 /* Entypo.ttf in Resources */,
				99AA7F902C0DBFAC00D114A6 /* FontAwesome5_Brands.ttf in Resources */,
				C6D5406B2E1267CE002AF227 /* rte_run_the_edge.png in Resources */,
				99AA7F912C0DBFAC00D114A6 /* MaterialCommunityIcons.ttf in Resources */,
				99AA7F922C0DBFAC00D114A6 /* AntDesign.ttf in Resources */,
				99AA7F932C0DBFAC00D114A6 /* Foundation.ttf in Resources */,
				99AA7F942C0DBFAC00D114A6 /* Ionicons.ttf in Resources */,
				99AA7F952C0DBFAC00D114A6 /* FontAwesome5_Solid.ttf in Resources */,
				99AA7F962C0DBFAC00D114A6 /* FontAwesome5_Regular.ttf in Resources */,
				99AA7F972C0DBFAC00D114A6 /* FontAwesome.ttf in Resources */,
				99AA7F982C0DBFAC00D114A6 /* Zocial.ttf in Resources */,
				99AA7F992C0DBFAC00D114A6 /* EvilIcons.ttf in Resources */,
				99AA7F9A2C0DBFAC00D114A6 /* FontAwesome6_Solid.ttf in Resources */,
				99AA7F9B2C0DBFAC00D114A6 /* SimpleLineIcons.ttf in Resources */,
				99AA7F9C2C0DBFAC00D114A6 /* FontAwesome6_Brands.ttf in Resources */,
				99AA7F9D2C0DBFAC00D114A6 /* MaterialIcons.ttf in Resources */,
				81AB9BB82411601600AC10FF /* LaunchScreen.storyboard in Resources */,
				13B07FBF1A68108700A75B9A /* Images.xcassets in Resources */,
				AD6FB3E4168C469E97A54383 /* Poppins-Bold.ttf in Resources */,
				521B37DA2DBA652900BC00F9 /* RougeScript-Regular.ttf in Resources */,
				DD9A630DC63E4ED8AFA4306B /* Poppins-Light.ttf in Resources */,
				47C5334FDA554B3CAFC6967C /* Poppins-Medium.ttf in Resources */,
				AAD0BC2ADEBE44DCBDF8A96A /* Poppins-Regular.ttf in Resources */,
				559AEB1F84A044399AE2DAD8 /* Poppins-SemiBold.ttf in Resources */,
				21EB2B24939C4584F77FA3A8 /* PrivacyInfo.xcprivacy in Resources */,
			);
			runOnlyForDeploymentPostprocessing = 0;
		};
/* End PBXResourcesBuildPhase section */

/* Begin PBXShellScriptBuildPhase section */
		00DD1BFF1BD5951E006B06BC /* Bundle React Native code and images */ = {
			isa = PBXShellScriptBuildPhase;
			buildActionMask = 2147483647;
			files = (
			);
			inputPaths = (
				"$(SRCROOT)/.xcode.env.local",
				"$(SRCROOT)/.xcode.env",
			);
			name = "Bundle React Native code and images";
			outputPaths = (
			);
			runOnlyForDeploymentPostprocessing = 0;
			shellPath = /bin/sh;
			shellScript = "set -e\n\nWITH_ENVIRONMENT=\"$REACT_NATIVE_PATH/scripts/xcode/with-environment.sh\"\nREACT_NATIVE_XCODE=\"$REACT_NATIVE_PATH/scripts/react-native-xcode.sh\"\n\n/bin/sh -c \"$WITH_ENVIRONMENT $REACT_NATIVE_XCODE\"\n";
		};
		00EEFC60759A1932668264C0 /* [CP] Embed Pods Frameworks */ = {
			isa = PBXShellScriptBuildPhase;
			buildActionMask = 2147483647;
			files = (
			);
			inputFileListPaths = (
				"${PODS_ROOT}/Target Support Files/Pods-RTE/Pods-RTE-frameworks-${CONFIGURATION}-input-files.xcfilelist",
			);
			name = "[CP] Embed Pods Frameworks";
			outputFileListPaths = (
				"${PODS_ROOT}/Target Support Files/Pods-RTE/Pods-RTE-frameworks-${CONFIGURATION}-output-files.xcfilelist",
			);
			runOnlyForDeploymentPostprocessing = 0;
			shellPath = /bin/sh;
			shellScript = "\"${PODS_ROOT}/Target Support Files/Pods-RTE/Pods-RTE-frameworks.sh\"\n";
			showEnvVarsInLog = 0;
		};
		C38B50BA6285516D6DCD4F65 /* [CP] Check Pods Manifest.lock */ = {
			isa = PBXShellScriptBuildPhase;
			buildActionMask = 2147483647;
			files = (
			);
			inputFileListPaths = (
			);
			inputPaths = (
				"${PODS_PODFILE_DIR_PATH}/Podfile.lock",
				"${PODS_ROOT}/Manifest.lock",
			);
			name = "[CP] Check Pods Manifest.lock";
			outputFileListPaths = (
			);
			outputPaths = (
				"$(DERIVED_FILE_DIR)/Pods-RTE-checkManifestLockResult.txt",
			);
			runOnlyForDeploymentPostprocessing = 0;
			shellPath = /bin/sh;
			shellScript = "diff \"${PODS_PODFILE_DIR_PATH}/Podfile.lock\" \"${PODS_ROOT}/Manifest.lock\" > /dev/null\nif [ $? != 0 ] ; then\n    # print error to STDERR\n    echo \"error: The sandbox is not in sync with the Podfile.lock. Run 'pod install' or update your CocoaPods installation.\" >&2\n    exit 1\nfi\n# This output is used by Xcode 'outputs' to avoid re-running this script phase.\necho \"SUCCESS\" > \"${SCRIPT_OUTPUT_FILE_0}\"\n";
			showEnvVarsInLog = 0;
		};
		E235C05ADACE081382539298 /* [CP] Copy Pods Resources */ = {
			isa = PBXShellScriptBuildPhase;
			buildActionMask = 2147483647;
			files = (
			);
			inputFileListPaths = (
				"${PODS_ROOT}/Target Support Files/Pods-RTE/Pods-RTE-resources-${CONFIGURATION}-input-files.xcfilelist",
			);
			name = "[CP] Copy Pods Resources";
			outputFileListPaths = (
				"${PODS_ROOT}/Target Support Files/Pods-RTE/Pods-RTE-resources-${CONFIGURATION}-output-files.xcfilelist",
			);
			runOnlyForDeploymentPostprocessing = 0;
			shellPath = /bin/sh;
			shellScript = "\"${PODS_ROOT}/Target Support Files/Pods-RTE/Pods-RTE-resources.sh\"\n";
			showEnvVarsInLog = 0;
		};
/* End PBXShellScriptBuildPhase section */

/* Begin PBXSourcesBuildPhase section */
		13B07F871A680F5B00A75B9A /* Sources */ = {
			isa = PBXSourcesBuildPhase;
			buildActionMask = 2147483647;
			files = (
				761780ED2CA45674006654EE /* AppDelegate.swift in Sources */,
			);
			runOnlyForDeploymentPostprocessing = 0;
		};
/* End PBXSourcesBuildPhase section */

/* Begin XCBuildConfiguration section */
		13B07F941A680F5B00A75B9A /* Debug */ = {
			isa = XCBuildConfiguration;
			baseConfigurationReference = 3B4392A12AC88292D35C810B /* Pods-RTE.debug.xcconfig */;
			buildSettings = {
				ASSETCATALOG_COMPILER_APPICON_NAME = AppIcon;
				CLANG_ENABLE_MODULES = YES;
				CURRENT_PROJECT_VERSION = 2;
				DEVELOPMENT_TEAM = 658KMCR3LT;
				ENABLE_BITCODE = NO;
				INFOPLIST_FILE = RTE/Info.plist;
				INFOPLIST_KEY_CFBundleDisplayName = RTE;
				IPHONEOS_DEPLOYMENT_TARGET = 15.6;
				LD_RUNPATH_SEARCH_PATHS = (
					"$(inherited)",
					"@executable_path/Frameworks",
				);
				MARKETING_VERSION = 2.2;
				OTHER_LDFLAGS = (
					"$(inherited)",
					"-ObjC",
					"-lc++",
				);
				PRODUCT_BUNDLE_IDENTIFIER = com.runtheedge.rte;
				PRODUCT_NAME = RTE;
				"SWIFT_OBJC_BRIDGING_HEADER[arch=*]" = "$(PROJECT_DIR)/RTE/RTE-Bridging-Header.h";
				SWIFT_OPTIMIZATION_LEVEL = "-Onone";
				SWIFT_VERSION = 5.0;
				VERSIONING_SYSTEM = "apple-generic";
			};
			name = Debug;
		};
		13B07F951A680F5B00A75B9A /* Release */ = {
			isa = XCBuildConfiguration;
			baseConfigurationReference = 5709B34CF0A7D63546082F79 /* Pods-RTE.release.xcconfig */;
			buildSettings = {
				ASSETCATALOG_COMPILER_APPICON_NAME = AppIcon;
				CLANG_ENABLE_MODULES = YES;
				CURRENT_PROJECT_VERSION = 2;
				DEVELOPMENT_TEAM = 658KMCR3LT;
				INFOPLIST_FILE = RTE/Info.plist;
				INFOPLIST_KEY_CFBundleDisplayName = RTE;
				IPHONEOS_DEPLOYMENT_TARGET = 15.6;
				LD_RUNPATH_SEARCH_PATHS = (
					"$(inherited)",
					"@executable_path/Frameworks",
				);
				MARKETING_VERSION = 2.2;
				OTHER_LDFLAGS = (
					"$(inherited)",
					"-ObjC",
					"-lc++",
				);
				PRODUCT_BUNDLE_IDENTIFIER = com.runtheedge.rte;
				PRODUCT_NAME = RTE;
				"SWIFT_OBJC_BRIDGING_HEADER[arch=*]" = "$(PROJECT_DIR)/RTE/RTE-Bridging-Header.h";
				SWIFT_VERSION = 5.0;
				VERSIONING_SYSTEM = "apple-generic";
			};
			name = Release;
		};
		83CBBA201A601CBA00E9B192 /* Debug */ = {
			isa = XCBuildConfiguration;
			buildSettings = {
				ALWAYS_SEARCH_USER_PATHS = NO;
				CLANG_ANALYZER_LOCALIZABILITY_NONLOCALIZED = YES;
				CLANG_CXX_LANGUAGE_STANDARD = "c++20";
				CLANG_CXX_LIBRARY = "libc++";
				CLANG_ENABLE_MODULES = YES;
				CLANG_ENABLE_OBJC_ARC = YES;
				CLANG_WARN_BLOCK_CAPTURE_AUTORELEASING = YES;
				CLANG_WARN_BOOL_CONVERSION = YES;
				CLANG_WARN_COMMA = YES;
				CLANG_WARN_CONSTANT_CONVERSION = YES;
				CLANG_WARN_DEPRECATED_OBJC_IMPLEMENTATIONS = YES;
				CLANG_WARN_DIRECT_OBJC_ISA_USAGE = YES_ERROR;
				CLANG_WARN_EMPTY_BODY = YES;
				CLANG_WARN_ENUM_CONVERSION = YES;
				CLANG_WARN_INFINITE_RECURSION = YES;
				CLANG_WARN_INT_CONVERSION = YES;
				CLANG_WARN_NON_LITERAL_NULL_CONVERSION = YES;
				CLANG_WARN_OBJC_IMPLICIT_RETAIN_SELF = YES;
				CLANG_WARN_OBJC_LITERAL_CONVERSION = YES;
				CLANG_WARN_OBJC_ROOT_CLASS = YES_ERROR;
				CLANG_WARN_QUOTED_INCLUDE_IN_FRAMEWORK_HEADER = YES;
				CLANG_WARN_RANGE_LOOP_ANALYSIS = YES;
				CLANG_WARN_STRICT_PROTOTYPES = YES;
				CLANG_WARN_SUSPICIOUS_MOVE = YES;
				CLANG_WARN_UNREACHABLE_CODE = YES;
				CLANG_WARN__DUPLICATE_METHOD_MATCH = YES;
				"CODE_SIGN_IDENTITY[sdk=iphoneos*]" = "iPhone Developer";
				COPY_PHASE_STRIP = NO;
				ENABLE_STRICT_OBJC_MSGSEND = YES;
				ENABLE_TESTABILITY = YES;
				"EXCLUDED_ARCHS[sdk=iphonesimulator*]" = "";
				GCC_C_LANGUAGE_STANDARD = gnu99;
				GCC_DYNAMIC_NO_PIC = NO;
				GCC_NO_COMMON_BLOCKS = YES;
				GCC_OPTIMIZATION_LEVEL = 0;
				GCC_PREPROCESSOR_DEFINITIONS = (
					"DEBUG=1",
					"$(inherited)",
				);
				GCC_SYMBOLS_PRIVATE_EXTERN = NO;
				GCC_WARN_64_TO_32_BIT_CONVERSION = YES;
				GCC_WARN_ABOUT_RETURN_TYPE = YES_ERROR;
				GCC_WARN_UNDECLARED_SELECTOR = YES;
				GCC_WARN_UNINITIALIZED_AUTOS = YES_AGGRESSIVE;
				GCC_WARN_UNUSED_FUNCTION = YES;
				GCC_WARN_UNUSED_VARIABLE = YES;
				IPHONEOS_DEPLOYMENT_TARGET = 15.1;
				LD_RUNPATH_SEARCH_PATHS = (
					/usr/lib/swift,
					"$(inherited)",
				);
				LIBRARY_SEARCH_PATHS = (
					"\"$(SDKROOT)/usr/lib/swift\"",
					"\"$(TOOLCHAIN_DIR)/usr/lib/swift/$(PLATFORM_NAME)\"",
					"\"$(inherited)\"",
				);
				MTL_ENABLE_DEBUG_INFO = YES;
				ONLY_ACTIVE_ARCH = YES;
				OTHER_CPLUSPLUSFLAGS = (
					"$(OTHER_CFLAGS)",
					"-DFOLLY_NO_CONFIG",
					"-DFOLLY_MOBILE=1",
					"-DFOLLY_USE_LIBCPP=1",
					"-DFOLLY_CFG_NO_COROUTINES=1",
					"-DFOLLY_HAVE_CLOCK_GETTIME=1",
				);
				OTHER_LDFLAGS = (
					"$(inherited)",
					" ",
				);
				REACT_NATIVE_PATH = "${PODS_ROOT}/../../node_modules/react-native";
				SDKROOT = iphoneos;
				SWIFT_ACTIVE_COMPILATION_CONDITIONS = "$(inherited) DEBUG";
				USE_HERMES = true;
			};
			name = Debug;
		};
		83CBBA211A601CBA00E9B192 /* Release */ = {
			isa = XCBuildConfiguration;
			buildSettings = {
				ALWAYS_SEARCH_USER_PATHS = NO;
				CLANG_ANALYZER_LOCALIZABILITY_NONLOCALIZED = YES;
				CLANG_CXX_LANGUAGE_STANDARD = "c++20";
				CLANG_CXX_LIBRARY = "libc++";
				CLANG_ENABLE_MODULES = YES;
				CLANG_ENABLE_OBJC_ARC = YES;
				CLANG_WARN_BLOCK_CAPTURE_AUTORELEASING = YES;
				CLANG_WARN_BOOL_CONVERSION = YES;
				CLANG_WARN_COMMA = YES;
				CLANG_WARN_CONSTANT_CONVERSION = YES;
				CLANG_WARN_DEPRECATED_OBJC_IMPLEMENTATIONS = YES;
				CLANG_WARN_DIRECT_OBJC_ISA_USAGE = YES_ERROR;
				CLANG_WARN_EMPTY_BODY = YES;
				CLANG_WARN_ENUM_CONVERSION = YES;
				CLANG_WARN_INFINITE_RECURSION = YES;
				CLANG_WARN_INT_CONVERSION = YES;
				CLANG_WARN_NON_LITERAL_NULL_CONVERSION = YES;
				CLANG_WARN_OBJC_IMPLICIT_RETAIN_SELF = YES;
				CLANG_WARN_OBJC_LITERAL_CONVERSION = YES;
				CLANG_WARN_OBJC_ROOT_CLASS = YES_ERROR;
				CLANG_WARN_QUOTED_INCLUDE_IN_FRAMEWORK_HEADER = YES;
				CLANG_WARN_RANGE_LOOP_ANALYSIS = YES;
				CLANG_WARN_STRICT_PROTOTYPES = YES;
				CLANG_WARN_SUSPICIOUS_MOVE = YES;
				CLANG_WARN_UNREACHABLE_CODE = YES;
				CLANG_WARN__DUPLICATE_METHOD_MATCH = YES;
				"CODE_SIGN_IDENTITY[sdk=iphoneos*]" = "iPhone Developer";
				COPY_PHASE_STRIP = YES;
				ENABLE_NS_ASSERTIONS = NO;
				ENABLE_STRICT_OBJC_MSGSEND = YES;
				"EXCLUDED_ARCHS[sdk=iphonesimulator*]" = "";
				GCC_C_LANGUAGE_STANDARD = gnu99;
				GCC_NO_COMMON_BLOCKS = YES;
				GCC_WARN_64_TO_32_BIT_CONVERSION = YES;
				GCC_WARN_ABOUT_RETURN_TYPE = YES_ERROR;
				GCC_WARN_UNDECLARED_SELECTOR = YES;
				GCC_WARN_UNINITIALIZED_AUTOS = YES_AGGRESSIVE;
				GCC_WARN_UNUSED_FUNCTION = YES;
				GCC_WARN_UNUSED_VARIABLE = YES;
				IPHONEOS_DEPLOYMENT_TARGET = 15.1;
				LD_RUNPATH_SEARCH_PATHS = (
					/usr/lib/swift,
					"$(inherited)",
				);
				LIBRARY_SEARCH_PATHS = (
					"\"$(SDKROOT)/usr/lib/swift\"",
					"\"$(TOOLCHAIN_DIR)/usr/lib/swift/$(PLATFORM_NAME)\"",
					"\"$(inherited)\"",
				);
				MTL_ENABLE_DEBUG_INFO = NO;
				OTHER_CPLUSPLUSFLAGS = (
					"$(OTHER_CFLAGS)",
					"-DFOLLY_NO_CONFIG",
					"-DFOLLY_MOBILE=1",
					"-DFOLLY_USE_LIBCPP=1",
					"-DFOLLY_CFG_NO_COROUTINES=1",
					"-DFOLLY_HAVE_CLOCK_GETTIME=1",
				);
				OTHER_LDFLAGS = (
					"$(inherited)",
					" ",
				);
				REACT_NATIVE_PATH = "${PODS_ROOT}/../../node_modules/react-native";
				SDKROOT = iphoneos;
				USE_HERMES = true;
				VALIDATE_PRODUCT = YES;
			};
			name = Release;
		};
/* End XCBuildConfiguration section */

/* Begin XCConfigurationList section */
		13B07F931A680F5B00A75B9A /* Build configuration list for PBXNativeTarget "RTE" */ = {
			isa = XCConfigurationList;
			buildConfigurations = (
				13B07F941A680F5B00A75B9A /* Debug */,
				13B07F951A680F5B00A75B9A /* Release */,
			);
			defaultConfigurationIsVisible = 0;
			defaultConfigurationName = Release;
		};
		83CBB9FA1A601CBA00E9B192 /* Build configuration list for PBXProject "RTE" */ = {
			isa = XCConfigurationList;
			buildConfigurations = (
				83CBBA201A601CBA00E9B192 /* Debug */,
				83CBBA211A601CBA00E9B192 /* Release */,
			);
			defaultConfigurationIsVisible = 0;
			defaultConfigurationName = Release;
		};
/* End XCConfigurationList section */
	};
	rootObject = 83CBB9F71A601CBA00E9B192 /* Project object */;
}
